{
  "version": 4,
  "terraform_version": "1.14.0",
  "serial": 12,
  "lineage": "c3b69096-6b80-22d2-69fe-04bfaeb465f4",
  "outputs": {
    "argocd_client_secret": {
      "value": null,
      "type": "string",
      "sensitive": true
    },
    "demo_app_client_id": {
      "value": "envoy-demo-app",
      "type": "string"
    },
    "demo_app_client_secret": {
      "value": null,
      "type": "string",
      "sensitive": true
    },
    "oidc_issuer_url": {
      "value": "https://auth.192.168.1.100.sslip.io/realms/kube-lab",
      "type": "string"
    }
  },
  "resources": [
    {
      "mode": "managed",
      "type": "keycloak_realm",
      "name": "kube_lab",
      "provider": "provider[\"registry.terraform.io/keycloak/keycloak\"]",
      "instances": [
        {
          "schema_version": 0,
          "attributes": {
            "access_code_lifespan": "1h0m0s",
            "access_code_lifespan_login": "30m0s",
            "access_code_lifespan_user_action": "5m0s",
            "access_token_lifespan": "1h0m0s",
            "access_token_lifespan_for_implicit_flow": "15m0s",
            "account_theme": "",
            "action_token_generated_by_admin_lifespan": "12h0m0s",
            "action_token_generated_by_user_lifespan": "5m0s",
            "admin_permissions_enabled": false,
            "admin_theme": "",
            "attributes": {},
            "browser_flow": "browser",
            "client_authentication_flow": "clients",
            "client_session_idle_timeout": "0s",
            "client_session_max_lifespan": "0s",
            "default_default_client_scopes": [],
            "default_optional_client_scopes": [],
            "default_signature_algorithm": "",
            "direct_grant_flow": "direct grant",
            "display_name": "Kube Lab Authentication",
            "display_name_html": "\u003cb\u003eKube Lab Authentication\u003c/b\u003e",
            "docker_authentication_flow": "docker auth",
            "duplicate_emails_allowed": false,
            "edit_username_allowed": false,
            "email_theme": "",
            "enabled": true,
            "first_broker_login_flow": "first broker login",
            "id": "kube-lab",
            "internal_id": "kube-lab",
            "internationalization": [],
            "login_theme": "",
            "login_with_email_allowed": false,
            "oauth2_device_code_lifespan": "10m0s",
            "oauth2_device_polling_interval": 5,
            "offline_session_idle_timeout": "720h0m0s",
            "offline_session_max_lifespan": "1440h0m0s",
            "offline_session_max_lifespan_enabled": false,
            "organizations_enabled": false,
            "otp_policy": [
              {
                "algorithm": "HmacSHA1",
                "digits": 6,
                "initial_counter": 0,
                "look_ahead_window": 1,
                "period": 30,
                "type": "totp"
              }
            ],
            "password_policy": "upperCase(1) and length(8) and forceExpiredPasswordChange(365) and notUsername",
            "realm": "kube-lab",
            "refresh_token_max_reuse": 0,
            "registration_allowed": true,
            "registration_email_as_username": false,
            "registration_flow": "registration",
            "remember_me": true,
            "reset_credentials_flow": "reset credentials",
            "reset_password_allowed": false,
            "revoke_refresh_token": false,
            "security_defenses": [
              {
                "brute_force_detection": [
                  {
                    "failure_reset_time_seconds": 43200,
                    "max_failure_wait_seconds": 900,
                    "max_login_failures": 30,
                    "max_temporary_lockouts": 0,
                    "minimum_quick_login_wait_seconds": 60,
                    "permanent_lockout": false,
                    "quick_login_check_milli_seconds": 1000,
                    "wait_increment_seconds": 60
                  }
                ],
                "headers": [
                  {
                    "content_security_policy": "frame-src 'self'; frame-ancestors 'self'; object-src 'none';",
                    "content_security_policy_report_only": "",
                    "referrer_policy": "no-referrer",
                    "strict_transport_security": "max-age=31536000; includeSubDomains",
                    "x_content_type_options": "nosniff",
                    "x_frame_options": "DENY",
                    "x_robots_tag": "none",
                    "x_xss_protection": "1; mode=block"
                  }
                ]
              }
            ],
            "smtp_server": [],
            "ssl_required": "external",
            "sso_session_idle_timeout": "10h0m0s",
            "sso_session_idle_timeout_remember_me": "0s",
            "sso_session_max_lifespan": "24h0m0s",
            "sso_session_max_lifespan_remember_me": "0s",
            "terraform_deletion_protection": false,
            "user_managed_access": false,
            "verify_email": false,
            "web_authn_passwordless_policy": [
              {
                "acceptable_aaguids": [],
                "attestation_conveyance_preference": "not specified",
                "authenticator_attachment": "not specified",
                "avoid_same_authenticator_register": false,
                "create_timeout": 0,
                "extra_origins": [],
                "relying_party_entity_name": "keycloak",
                "relying_party_id": "",
                "require_resident_key": "Yes",
                "signature_algorithms": [
                  "ES256",
                  "RS256"
                ],
                "user_verification_requirement": "required"
              }
            ],
            "web_authn_policy": [
              {
                "acceptable_aaguids": [],
                "attestation_conveyance_preference": "not specified",
                "authenticator_attachment": "not specified",
                "avoid_same_authenticator_register": false,
                "create_timeout": 0,
                "extra_origins": [],
                "relying_party_entity_name": "Example",
                "relying_party_id": "keycloak.example.com",
                "require_resident_key": "not specified",
                "signature_algorithms": [
                  "ES256",
                  "RS256"
                ],
                "user_verification_requirement": "not specified"
              }
            ]
          },
          "sensitive_attributes": [],
          "identity_schema_version": 0,
          "private": "bnVsbA=="
        }
      ]
    }
  ],
  "check_results": null
}
